// !$*UTF8*$!
{
	archiveVersion = 1;
	classes = {
	};
	objectVersion = 48;
	objects = {

/* Begin PBXBuildFile section */
		C0389CCE202BF26500747585 /* AppDelegate.swift in Sources */ = {isa = PBXBuildFile; fileRef = C0389CCD202BF26500747585 /* AppDelegate.swift */; };
		C0389CD0202BF26500747585 /* ViewController.swift in Sources */ = {isa = PBXBuildFile; fileRef = C0389CCF202BF26500747585 /* ViewController.swift */; };
		C0389CD3202BF26500747585 /* Main.storyboard in Resources */ = {isa = PBXBuildFile; fileRef = C0389CD1202BF26500747585 /* Main.storyboard */; };
		C0389CD5202BF26500747585 /* Assets.xcassets in Resources */ = {isa = PBXBuildFile; fileRef = C0389CD4202BF26500747585 /* Assets.xcassets */; };
		C0389CD8202BF26500747585 /* LaunchScreen.storyboard in Resources */ = {isa = PBXBuildFile; fileRef = C0389CD6202BF26500747585 /* LaunchScreen.storyboard */; };
/* End PBXBuildFile section */

/* Begin PBXFileReference section */
		C0389CCA202BF26500747585 /* life cycle life cycle LifeCycle_test.app */ = {isa = PBXFileReference; explicitFileType = wrapper.application; includeInIndex = 0; path = "life cycle life cycle LifeCycle_test.app"; sourceTree = BUILT_PRODUCTS_DIR; };
		C0389CCD202BF26500747585 /* AppDelegate.swift */ = {isa = PBXFileReference; lastKnownFileType = sourcecode.swift; path = AppDelegate.swift; sourceTree = "<group>"; };
		C0389CCF202BF26500747585 /* ViewController.swift */ = {isa = PBXFileReference; lastKnownFileType = sourcecode.swift; path = ViewController.swift; sourceTree = "<group>"; };
		C0389CD2202BF26500747585 /* Base */ = {isa = PBXFileReference; lastKnownFileType = file.storyboard; name = Base; path = Base.lproj/Main.storyboard; sourceTree = "<group>"; };
		C0389CD4202BF26500747585 /* Assets.xcassets */ = {isa = PBXFileReference; lastKnownFileType = folder.assetcatalog; path = Assets.xcassets; sourceTree = "<group>"; };
		C0389CD7202BF26500747585 /* Base */ = {isa = PBXFileReference; lastKnownFileType = file.storyboard; name = Base; path = Base.lproj/LaunchScreen.storyboard; sourceTree = "<group>"; };
		C0389CD9202BF26500747585 /* Info.plist */ = {isa = PBXFileReference; lastKnownFileType = text.plist.xml; path = Info.plist; sourceTree = "<group>"; };
/* End PBXFileReference section */

/* Begin PBXFrameworksBuildPhase section */
		C0389CC7202BF26500747585 /* Frameworks */ = {
			isa = PBXFrameworksBuildPhase;
			buildActionMask = 2147483647;
			files = (
			);
			runOnlyForDeploymentPostprocessing = 0;
		};
/* End PBXFrameworksBuildPhase section */

/* Begin PBXGroup section */
		C0389CC1202BF26500747585 = {
			isa = PBXGroup;
			children = (
				C0389CCC202BF26500747585 /* life cycle life cycle LifeCycle_test */,
				C0389CCB202BF26500747585 /* Products */,
			);
			sourceTree = "<group>";
		};
		C0389CCB202BF26500747585 /* Products */ = {
			isa = PBXGroup;
			children = (
				C0389CCA202BF26500747585 /* life cycle life cycle LifeCycle_test.app */,
			);
			name = Products;
			sourceTree = "<group>";
		};
		C0389CCC202BF26500747585 /* life cycle life cycle LifeCycle_test */ = {
			isa = PBXGroup;
			children = (
				C0389CCD202BF26500747585 /* AppDelegate.swift */,
				C0389CCF202BF26500747585 /* ViewController.swift */,
				C0389CD1202BF26500747585 /* Main.storyboard */,
				C0389CD4202BF26500747585 /* Assets.xcassets */,
				C0389CD6202BF26500747585 /* LaunchScreen.storyboard */,
				C0389CD9202BF26500747585 /* Info.plist */,
			);
			path = "life cycle life cycle LifeCycle_test";
			sourceTree = "<group>";
		};
/* End PBXGroup section */

/* Begin PBXNativeTarget section */
		C0389CC9202BF26500747585 /* life cycle life cycle LifeCycle_test */ = {
			isa = PBXNativeTarget;
			buildConfigurationList = C0389CDC202BF26500747585 /* Build configuration list for PBXNativeTarget "life cycle life cycle LifeCycle_test" */;
			buildPhases = (
				C0389CC6202BF26500747585 /* Sources */,
				C0389CC7202BF26500747585 /* Frameworks */,
				C0389CC8202BF26500747585 /* Resources */,
			);
			buildRules = (
			);
			dependencies = (
			);
			name = "life cycle life cycle LifeCycle_test";
			productName = "life cycle life cycle LifeCycle_test";
			productReference = C0389CCA202BF26500747585 /* life cycle life cycle LifeCycle_test.app */;
			productType = "com.apple.product-type.application";
		};
/* End PBXNativeTarget section */

/* Begin PBXProject section */
		C0389CC2202BF26500747585 /* Project object */ = {
			isa = PBXProject;
			attributes = {
				LastSwiftUpdateCheck = 0920;
				LastUpgradeCheck = 0920;
				ORGANIZATIONNAME = nakagawa;
				TargetAttributes = {
					C0389CC9202BF26500747585 = {
						CreatedOnToolsVersion = 9.2;
						ProvisioningStyle = Automatic;
					};
				};
			};
			buildConfigurationList = C0389CC5202BF26500747585 /* Build configuration list for PBXProject "life cycle life cycle LifeCycle_test" */;
			compatibilityVersion = "Xcode 8.0";
			developmentRegion = en;
			hasScannedForEncodings = 0;
			knownRegions = (
				en,
				Base,
			);
			mainGroup = C0389CC1202BF26500747585;
			productRefGroup = C0389CCB202BF26500747585 /* Products */;
			projectDirPath = "";
			projectRoot = "";
			targets = (
				C0389CC9202BF26500747585 /* life cycle life cycle LifeCycle_test */,
			);
		};
/* End PBXProject section */

/* Begin PBXResourcesBuildPhase section */
		C0389CC8202BF26500747585 /* Resources */ = {
			isa = PBXResourcesBuildPhase;
			buildActionMask = 2147483647;
			files = (
				C0389CD8202BF26500747585 /* LaunchScreen.storyboard in Resources */,
				C0389CD5202BF26500747585 /* Assets.xcassets in Resources */,
				C0389CD3202BF26500747585 /* Main.storyboard in Resources */,
			);
			runOnlyForDeploymentPostprocessing = 0;
		};
/* End PBXResourcesBuildPhase section */

/* Begin PBXSourcesBuildPhase section */
		C0389CC6202BF26500747585 /* Sources */ = {
			isa = PBXSourcesBuildPhase;
			buildActionMask = 2147483647;
			files = (
				C0389CD0202BF26500747585 /* ViewController.swift in Sources */,
				C0389CCE202BF26500747585 /* AppDelegate.swift in Sources */,
			);
			runOnlyForDeploymentPostprocessing = 0;
		};
/* End PBXSourcesBuildPhase section */

/* Begin PBXVariantGroup section */
		C0389CD1202BF26500747585 /* Main.storyboard */ = {
			isa = PBXVariantGroup;
			children = (
				C0389CD2202BF26500747585 /* Base */,
			);
			name = Main.storyboard;
			sourceTree = "<group>";
		};
		C0389CD6202BF26500747585 /* LaunchScreen.storyboard */ = {
			isa = PBXVariantGroup;
			children = (
				C0389CD7202BF26500747585 /* Base */,
			);
			name = LaunchScreen.storyboard;
			sourceTree = "<group>";
		};
/* End PBXVariantGroup section */

/* Begin XCBuildConfiguration section */
		C0389CDA202BF26500747585 /* Debug */ = {
			isa = XCBuildConfiguration;
			buildSettings = {
				ALWAYS_SEARCH_USER_PATHS = NO;
				CLANG_ANALYZER_NONNULL = YES;
				CLANG_ANALYZER_NUMBER_OBJECT_CONVERSION = YES_AGGRESSIVE;
				CLANG_CXX_LANGUAGE_STANDARD = "gnu++14";
				CLANG_CXX_LIBRARY = "libc++";
				CLANG_ENABLE_MODULES = YES;
				CLANG_ENABLE_OBJC_ARC = YES;
				CLANG_WARN_BLOCK_CAPTURE_AUTORELEASING = YES;
				CLANG_WARN_BOOL_CONVERSION = YES;
				CLANG_WARN_COMMA = YES;
				CLANG_WARN_CONSTANT_CONVERSION = YES;
				CLANG_WARN_DIRECT_OBJC_ISA_USAGE = YES_ERROR;
				CLANG_WARN_DOCUMENTATION_COMMENTS = YES;
				CLANG_WARN_EMPTY_BODY = YES;
				CLANG_WARN_ENUM_CONVERSION = YES;
				CLANG_WARN_INFINITE_RECURSION = YES;
				CLANG_WARN_INT_CONVERSION = YES;
				CLANG_WARN_NON_LITERAL_NULL_CONVERSION = YES;
				CLANG_WARN_OBJC_LITERAL_CONVERSION = YES;
				CLANG_WARN_OBJC_ROOT_CLASS = YES_ERROR;
				CLANG_WARN_RANGE_LOOP_ANALYSIS = YES;
				CLANG_WARN_STRICT_PROTOTYPES = YES;
				CLANG_WARN_SUSPICIOUS_MOVE = YES;
				CLANG_WARN_UNGUARDED_AVAILABILITY = YES_AGGRESSIVE;
				CLANG_WARN_UNREACHABLE_CODE = YES;
				CLANG_WARN__DUPLICATE_METHOD_MATCH = YES;
				CODE_SIGN_IDENTITY = "iPhone Developer";
				COPY_PHASE_STRIP = NO;
				DEBUG_INFORMATION_FORMAT = dwarf;
				ENABLE_STRICT_OBJC_MSGSEND = YES;
				ENABLE_TESTABILITY = YES;
				GCC_C_LANGUAGE_STANDARD = gnu11;
				GCC_DYNAMIC_NO_PIC = NO;
				GCC_NO_COMMON_BLOCKS = YES;
				GCC_OPTIMIZATION_LEVEL = 0;
				GCC_PREPROCESSOR_DEFINITIONS = (
					"DEBUG=1",
					"$(inherited)",
				);
				GCC_WARN_64_TO_32_BIT_CONVERSION = YES;
				GCC_WARN_ABOUT_RETURN_TYPE = YES_ERROR;
				GCC_WARN_UNDECLARED_SELECTOR = YES;
				GCC_WARN_UNINITIALIZED_AUTOS = YES_AGGRESSIVE;
				GCC_WARN_UNUSED_FUNCTION = YES;
				GCC_WARN_UNUSED_VARIABLE = YES;
				IPHONEOS_DEPLOYMENT_TARGET = 11.2;
				MTL_ENABLE_DEBUG_INFO = YES;
				ONLY_ACTIVE_ARCH = YES;
				SDKROOT = iphoneos;
				SWIFT_ACTIVE_COMPILATION_CONDITIONS = DEBUG;
				SWIFT_OPTIMIZATION_LEVEL = "-Onone";
			};
			name = Debug;
		};
		C0389CDB202BF26500747585 /* Release */ = {
			isa = XCBuildConfiguration;
			buildSettings = {
				ALWAYS_SEARCH_USER_PATHS = NO;
				CLANG_ANALYZER_NONNULL = YES;
				CLANG_ANALYZER_NUMBER_OBJECT_CONVERSION = YES_AGGRESSIVE;
				CLANG_CXX_LANGUAGE_STANDARD = "gnu++14";
				CLANG_CXX_LIBRARY = "libc++";
				CLANG_ENABLE_MODULES = YES;
				CLANG_ENABLE_OBJC_ARC = YES;
				CLANG_WARN_BLOCK_CAPTURE_AUTORELEASING = YES;
				CLANG_WARN_BOOL_CONVERSION = YES;
				CLANG_WARN_COMMA = YES;
				CLANG_WARN_CONSTANT_CONVERSION = YES;
				CLANG_WARN_DIRECT_OBJC_ISA_USAGE = YES_ERROR;
				CLANG_WARN_DOCUMENTATION_COMMENTS = YES;
				CLANG_WARN_EMPTY_BODY = YES;
				CLANG_WARN_ENUM_CONVERSION = YES;
				CLANG_WARN_INFINITE_RECURSION = YES;
				CLANG_WARN_INT_CONVERSION = YES;
				CLANG_WARN_NON_LITERAL_NULL_CONVERSION = YES;
				CLANG_WARN_OBJC_LITERAL_CONVERSION = YES;
				CLANG_WARN_OBJC_ROOT_CLASS = YES_ERROR;
				CLANG_WARN_RANGE_LOOP_ANALYSIS = YES;
				CLANG_WARN_STRICT_PROTOTYPES = YES;
				CLANG_WARN_SUSPICIOUS_MOVE = YES;
				CLANG_WARN_UNGUARDED_AVAILABILITY = YES_AGGRESSIVE;
				CLANG_WARN_UNREACHABLE_CODE = YES;
				CLANG_WARN__DUPLICATE_METHOD_MATCH = YES;
				CODE_SIGN_IDENTITY = "iPhone Developer";
				COPY_PHASE_STRIP = NO;
				DEBUG_INFORMATION_FORMAT = "dwarf-with-dsym";
				ENABLE_NS_ASSERTIONS = NO;
				ENABLE_STRICT_OBJC_MSGSEND = YES;
				GCC_C_LANGUAGE_STANDARD = gnu11;
				GCC_NO_COMMON_BLOCKS = YES;
				GCC_WARN_64_TO_32_BIT_CONVERSION = YES;
				GCC_WARN_ABOUT_RETURN_TYPE = YES_ERROR;
				GCC_WARN_UNDECLARED_SELECTOR = YES;
				GCC_WARN_UNINITIALIZED_AUTOS = YES_AGGRESSIVE;
				GCC_WARN_UNUSED_FUNCTION = YES;
				GCC_WARN_UNUSED_VARIABLE = YES;
				IPHONEOS_DEPLOYMENT_TARGET = 11.2;
				MTL_ENABLE_DEBUG_INFO = NO;
				SDKROOT = iphoneos;
				SWIFT_OPTIMIZATION_LEVEL = "-Owholemodule";
				VALIDATE_PRODUCT = YES;
			};
			name = Release;
		};
		C0389CDD202BF26500747585 /* Debug */ = {
			isa = XCBuildConfiguration;
			buildSettings = {
				ASSETCATALOG_COMPILER_APPICON_NAME = AppIcon;
				CODE_SIGN_STYLE = Automatic;
				DEVELOPMENT_TEAM = 7P6RZ729U4;
				INFOPLIST_FILE = "life cycle life cycle LifeCycle_test/Info.plist";
				LD_RUNPATH_SEARCH_PATHS = "$(inherited) @executable_path/Frameworks";
				PRODUCT_BUNDLE_IDENTIFIER = "com.test.life-cycle-life-cycle-LifeCycle-test";
				PRODUCT_NAME = "$(TARGET_NAME)";
				SWIFT_VERSION = 4.0;
				TARGETED_DEVICE_FAMILY = "1,2";
			};
			name = Debug;
		};
		C0389CDE202BF26500747585 /* Release */ = {
			isa = XCBuildConfiguration;
			buildSettings = {
				ASSETCATALOG_COMPILER_APPICON_NAME = AppIcon;
				CODE_SIGN_STYLE = Automatic;
				DEVELOPMENT_TEAM = 7P6RZ729U4;
				INFOPLIST_FILE = "life cycle life cycle LifeCycle_test/Info.plist";
				LD_RUNPATH_SEARCH_PATHS = "$(inherited) @executable_path/Frameworks";
				PRODUCT_BUNDLE_IDENTIFIER = "com.test.life-cycle-life-cycle-LifeCycle-test";
				PRODUCT_NAME = "$(TARGET_NAME)";
				SWIFT_VERSION = 4.0;
				TARGETED_DEVICE_FAMILY = "1,2";
			};
			name = Release;
		};
/* End XCBuildConfiguration section */

/* Begin XCConfigurationList section */
		C0389CC5202BF26500747585 /* Build configuration list for PBXProject "life cycle life cycle LifeCycle_test" */ = {
			isa = XCConfigurationList;
			buildConfigurations = (
				C0389CDA202BF26500747585 /* Debug */,
				C0389CDB202BF26500747585 /* Release */,
			);
			defaultConfigurationIsVisible = 0;
			defaultConfigurationName = Release;
		};
		C0389CDC202BF26500747585 /* Build configuration list for PBXNativeTarget "life cycle life cycle LifeCycle_test" */ = {
			isa = XCConfigurationList;
			buildConfigurations = (
				C0389CDD202BF26500747585 /* Debug */,
				C0389CDE202BF26500747585 /* Release */,
			);
			defaultConfigurationIsVisible = 0;
			defaultConfigurationName = Release;
		};
/* End XCConfigurationList section */
	};
	rootObject = C0389CC2202BF26500747585 /* Project object */;
}
